
Microsoft Visual Studio Solution File, Format Version 12.00
# Visual Studio Version 17
VisualStudioVersion = 17.9.34616.47
MinimumVisualStudioVersion = 10.0.40219.1
Project("{FAE04EC0-301F-11D3-BF4B-00C04F79EFBC}") = "Clase 5 Progra", "Clase 5 Progra\Clase 5 Progra.csproj", "{C7C287FF-C4D4-4591-99BE-67BA3190CB05}"
EndProject
Global
	GlobalSection(SolutionConfigurationPlatforms) = preSolution
		Debug|Any CPU = Debug|Any CPU
		Release|Any CPU = Release|Any CPU
	EndGlobalSection
	GlobalSection(ProjectConfigurationPlatforms) = postSolution
		{C7C287FF-C4D4-4591-99BE-67BA3190CB05}.Debug|Any CPU.ActiveCfg = Debug|Any CPU
		{C7C287FF-C4D4-4591-99BE-67BA3190CB05}.Debug|Any CPU.Build.0 = Debug|Any CPU
		{C7C287FF-C4D4-4591-99BE-67BA3190CB05}.Release|Any CPU.ActiveCfg = Release|Any CPU
		{C7C287FF-C4D4-4591-99BE-67BA3190CB05}.Release|Any CPU.Build.0 = Release|Any CPU
	EndGlobalSection
	GlobalSection(SolutionProperties) = preSolution
		HideSolutionNode = FALSE
	EndGlobalSection
	GlobalSection(ExtensibilityGlobals) = postSolution
		SolutionGuid = {CBFD5D4B-CC30-4265-988D-C8B505FE2909}
	EndGlobalSection
EndGlobal
